// !$*UTF8*$!
{
	archiveVersion = 1;
	classes = {
	};
	objectVersion = 50;
	objects = {

/* Begin PBXBuildFile section */
		AB7D127D2171255000A1F256 /* AppDelegate.swift in Sources */ = {isa = PBXBuildFile; fileRef = AB7D127C2171255000A1F256 /* AppDelegate.swift */; };
		AB7D127F2171255000A1F256 /* ViewController.swift in Sources */ = {isa = PBXBuildFile; fileRef = AB7D127E2171255000A1F256 /* ViewController.swift */; };
		AB7D12822171255000A1F256 /* Main.storyboard in Resources */ = {isa = PBXBuildFile; fileRef = AB7D12802171255000A1F256 /* Main.storyboard */; };
		AB7D12842171255200A1F256 /* Assets.xcassets in Resources */ = {isa = PBXBuildFile; fileRef = AB7D12832171255200A1F256 /* Assets.xcassets */; };
		AB7D12872171255200A1F256 /* LaunchScreen.storyboard in Resources */ = {isa = PBXBuildFile; fileRef = AB7D12852171255200A1F256 /* LaunchScreen.storyboard */; };
		AB7D12922171255300A1F256 /* pruebaFinalTests.swift in Sources */ = {isa = PBXBuildFile; fileRef = AB7D12912171255300A1F256 /* pruebaFinalTests.swift */; };
		AB7D129D2171255300A1F256 /* pruebaFinalUITests.swift in Sources */ = {isa = PBXBuildFile; fileRef = AB7D129C2171255300A1F256 /* pruebaFinalUITests.swift */; };
/* End PBXBuildFile section */

/* Begin PBXContainerItemProxy section */
		AB7D128E2171255300A1F256 /* PBXContainerItemProxy */ = {
			isa = PBXContainerItemProxy;
			containerPortal = AB7D12712171255000A1F256 /* Project object */;
			proxyType = 1;
			remoteGlobalIDString = AB7D12782171255000A1F256;
			remoteInfo = pruebaFinal;
		};
		AB7D12992171255300A1F256 /* PBXContainerItemProxy */ = {
			isa = PBXContainerItemProxy;
			containerPortal = AB7D12712171255000A1F256 /* Project object */;
			proxyType = 1;
			remoteGlobalIDString = AB7D12782171255000A1F256;
			remoteInfo = pruebaFinal;
		};
/* End PBXContainerItemProxy section */

/* Begin PBXFileReference section */
		AB7D12792171255000A1F256 /* pruebaFinal.app */ = {isa = PBXFileReference; explicitFileType = wrapper.application; includeInIndex = 0; path = pruebaFinal.app; sourceTree = BUILT_PRODUCTS_DIR; };
		AB7D127C2171255000A1F256 /* AppDelegate.swift */ = {isa = PBXFileReference; lastKnownFileType = sourcecode.swift; path = AppDelegate.swift; sourceTree = "<group>"; };
		AB7D127E2171255000A1F256 /* ViewController.swift */ = {isa = PBXFileReference; lastKnownFileType = sourcecode.swift; path = ViewController.swift; sourceTree = "<group>"; };
		AB7D12812171255000A1F256 /* Base */ = {isa = PBXFileReference; lastKnownFileType = file.storyboard; name = Base; path = Base.lproj/Main.storyboard; sourceTree = "<group>"; };
		AB7D12832171255200A1F256 /* Assets.xcassets */ = {isa = PBXFileReference; lastKnownFileType = folder.assetcatalog; path = Assets.xcassets; sourceTree = "<group>"; };
		AB7D12862171255200A1F256 /* Base */ = {isa = PBXFileReference; lastKnownFileType = file.storyboard; name = Base; path = Base.lproj/LaunchScreen.storyboard; sourceTree = "<group>"; };
		AB7D12882171255200A1F256 /* Info.plist */ = {isa = PBXFileReference; lastKnownFileType = text.plist.xml; path = Info.plist; sourceTree = "<group>"; };
		AB7D128D2171255300A1F256 /* pruebaFinalTests.xctest */ = {isa = PBXFileReference; explicitFileType = wrapper.cfbundle; includeInIndex = 0; path = pruebaFinalTests.xctest; sourceTree = BUILT_PRODUCTS_DIR; };
		AB7D12912171255300A1F256 /* pruebaFinalTests.swift */ = {isa = PBXFileReference; lastKnownFileType = sourcecode.swift; path = pruebaFinalTests.swift; sourceTree = "<group>"; };
		AB7D12932171255300A1F256 /* Info.plist */ = {isa = PBXFileReference; lastKnownFileType = text.plist.xml; path = Info.plist; sourceTree = "<group>"; };
		AB7D12982171255300A1F256 /* pruebaFinalUITests.xctest */ = {isa = PBXFileReference; explicitFileType = wrapper.cfbundle; includeInIndex = 0; path = pruebaFinalUITests.xctest; sourceTree = BUILT_PRODUCTS_DIR; };
		AB7D129C2171255300A1F256 /* pruebaFinalUITests.swift */ = {isa = PBXFileReference; lastKnownFileType = sourcecode.swift; path = pruebaFinalUITests.swift; sourceTree = "<group>"; };
		AB7D129E2171255300A1F256 /* Info.plist */ = {isa = PBXFileReference; lastKnownFileType = text.plist.xml; path = Info.plist; sourceTree = "<group>"; };
/* End PBXFileReference section */

/* Begin PBXFrameworksBuildPhase section */
		AB7D12762171255000A1F256 /* Frameworks */ = {
			isa = PBXFrameworksBuildPhase;
			buildActionMask = 2147483647;
			files = (
			);
			runOnlyForDeploymentPostprocessing = 0;
		};
		AB7D128A2171255300A1F256 /* Frameworks */ = {
			isa = PBXFrameworksBuildPhase;
			buildActionMask = 2147483647;
			files = (
			);
			runOnlyForDeploymentPostprocessing = 0;
		};
		AB7D12952171255300A1F256 /* Frameworks */ = {
			isa = PBXFrameworksBuildPhase;
			buildActionMask = 2147483647;
			files = (
			);
			runOnlyForDeploymentPostprocessing = 0;
		};
/* End PBXFrameworksBuildPhase section */

/* Begin PBXGroup section */
		AB7D12702171255000A1F256 = {
			isa = PBXGroup;
			children = (
				AB7D127B2171255000A1F256 /* pruebaFinal */,
				AB7D12902171255300A1F256 /* pruebaFinalTests */,
				AB7D129B2171255300A1F256 /* pruebaFinalUITests */,
				AB7D127A2171255000A1F256 /* Products */,
			);
			sourceTree = "<group>";
		};
		AB7D127A2171255000A1F256 /* Products */ = {
			isa = PBXGroup;
			children = (
				AB7D12792171255000A1F256 /* pruebaFinal.app */,
				AB7D128D2171255300A1F256 /* pruebaFinalTests.xctest */,
				AB7D12982171255300A1F256 /* pruebaFinalUITests.xctest */,
			);
			name = Products;
			sourceTree = "<group>";
		};
		AB7D127B2171255000A1F256 /* pruebaFinal */ = {
			isa = PBXGroup;
			children = (
				AB7D127C2171255000A1F256 /* AppDelegate.swift */,
				AB7D127E2171255000A1F256 /* ViewController.swift */,
				AB7D12802171255000A1F256 /* Main.storyboard */,
				AB7D12832171255200A1F256 /* Assets.xcassets */,
				AB7D12852171255200A1F256 /* LaunchScreen.storyboard */,
				AB7D12882171255200A1F256 /* Info.plist */,
			);
			path = pruebaFinal;
			sourceTree = "<group>";
		};
		AB7D12902171255300A1F256 /* pruebaFinalTests */ = {
			isa = PBXGroup;
			children = (
				AB7D12912171255300A1F256 /* pruebaFinalTests.swift */,
				AB7D12932171255300A1F256 /* Info.plist */,
			);
			path = pruebaFinalTests;
			sourceTree = "<group>";
		};
		AB7D129B2171255300A1F256 /* pruebaFinalUITests */ = {
			isa = PBXGroup;
			children = (
				AB7D129C2171255300A1F256 /* pruebaFinalUITests.swift */,
				AB7D129E2171255300A1F256 /* Info.plist */,
			);
			path = pruebaFinalUITests;
			sourceTree = "<group>";
		};
/* End PBXGroup section */

/* Begin PBXNativeTarget section */
		AB7D12782171255000A1F256 /* pruebaFinal */ = {
			isa = PBXNativeTarget;
			buildConfigurationList = AB7D12A12171255300A1F256 /* Build configuration list for PBXNativeTarget "pruebaFinal" */;
			buildPhases = (
				AB7D12752171255000A1F256 /* Sources */,
				AB7D12762171255000A1F256 /* Frameworks */,
				AB7D12772171255000A1F256 /* Resources */,
			);
			buildRules = (
			);
			dependencies = (
			);
			name = pruebaFinal;
			productName = pruebaFinal;
			productReference = AB7D12792171255000A1F256 /* pruebaFinal.app */;
			productType = "com.apple.product-type.application";
		};
		AB7D128C2171255300A1F256 /* pruebaFinalTests */ = {
			isa = PBXNativeTarget;
			buildConfigurationList = AB7D12A42171255300A1F256 /* Build configuration list for PBXNativeTarget "pruebaFinalTests" */;
			buildPhases = (
				AB7D12892171255300A1F256 /* Sources */,
				AB7D128A2171255300A1F256 /* Frameworks */,
				AB7D128B2171255300A1F256 /* Resources */,
			);
			buildRules = (
			);
			dependencies = (
				AB7D128F2171255300A1F256 /* PBXTargetDependency */,
			);
			name = pruebaFinalTests;
			productName = pruebaFinalTests;
			productReference = AB7D128D2171255300A1F256 /* pruebaFinalTests.xctest */;
			productType = "com.apple.product-type.bundle.unit-test";
		};
		AB7D12972171255300A1F256 /* pruebaFinalUITests */ = {
			isa = PBXNativeTarget;
			buildConfigurationList = AB7D12A72171255300A1F256 /* Build configuration list for PBXNativeTarget "pruebaFinalUITests" */;
			buildPhases = (
				AB7D12942171255300A1F256 /* Sources */,
				AB7D12952171255300A1F256 /* Frameworks */,
				AB7D12962171255300A1F256 /* Resources */,
			);
			buildRules = (
			);
			dependencies = (
				AB7D129A2171255300A1F256 /* PBXTargetDependency */,
			);
			name = pruebaFinalUITests;
			productName = pruebaFinalUITests;
			productReference = AB7D12982171255300A1F256 /* pruebaFinalUITests.xctest */;
			productType = "com.apple.product-type.bundle.ui-testing";
		};
/* End PBXNativeTarget section */

/* Begin PBXProject section */
		AB7D12712171255000A1F256 /* Project object */ = {
			isa = PBXProject;
			attributes = {
				LastSwiftUpdateCheck = 0940;
				LastUpgradeCheck = 0940;
				ORGANIZATIONNAME = "Fray Pineda";
				TargetAttributes = {
					AB7D12782171255000A1F256 = {
						CreatedOnToolsVersion = 9.4.1;
					};
					AB7D128C2171255300A1F256 = {
						CreatedOnToolsVersion = 9.4.1;
						TestTargetID = AB7D12782171255000A1F256;
					};
					AB7D12972171255300A1F256 = {
						CreatedOnToolsVersion = 9.4.1;
						TestTargetID = AB7D12782171255000A1F256;
					};
				};
			};
			buildConfigurationList = AB7D12742171255000A1F256 /* Build configuration list for PBXProject "pruebaFinal" */;
			compatibilityVersion = "Xcode 9.3";
			developmentRegion = en;
			hasScannedForEncodings = 0;
			knownRegions = (
				en,
				Base,
			);
			mainGroup = AB7D12702171255000A1F256;
			productRefGroup = AB7D127A2171255000A1F256 /* Products */;
			projectDirPath = "";
			projectRoot = "";
			targets = (
				AB7D12782171255000A1F256 /* pruebaFinal */,
				AB7D128C2171255300A1F256 /* pruebaFinalTests */,
				AB7D12972171255300A1F256 /* pruebaFinalUITests */,
			);
		};
/* End PBXProject section */

/* Begin PBXResourcesBuildPhase section */
		AB7D12772171255000A1F256 /* Resources */ = {
			isa = PBXResourcesBuildPhase;
			buildActionMask = 2147483647;
			files = (
				AB7D12872171255200A1F256 /* LaunchScreen.storyboard in Resources */,
				AB7D12842171255200A1F256 /* Assets.xcassets in Resources */,
				AB7D12822171255000A1F256 /* Main.storyboard in Resources */,
			);
			runOnlyForDeploymentPostprocessing = 0;
		};
		AB7D128B2171255300A1F256 /* Resources */ = {
			isa = PBXResourcesBuildPhase;
			buildActionMask = 2147483647;
			files = (
			);
			runOnlyForDeploymentPostprocessing = 0;
		};
		AB7D12962171255300A1F256 /* Resources */ = {
			isa = PBXResourcesBuildPhase;
			buildActionMask = 2147483647;
			files = (
			);
			runOnlyForDeploymentPostprocessing = 0;
		};
/* End PBXResourcesBuildPhase section */

/* Begin PBXSourcesBuildPhase section */
		AB7D12752171255000A1F256 /* Sources */ = {
			isa = PBXSourcesBuildPhase;
			buildActionMask = 2147483647;
			files = (
				AB7D127F2171255000A1F256 /* ViewController.swift in Sources */,
				AB7D127D2171255000A1F256 /* AppDelegate.swift in Sources */,
			);
			runOnlyForDeploymentPostprocessing = 0;
		};
		AB7D12892171255300A1F256 /* Sources */ = {
			isa = PBXSourcesBuildPhase;
			buildActionMask = 2147483647;
			files = (
				AB7D12922171255300A1F256 /* pruebaFinalTests.swift in Sources */,
			);
			runOnlyForDeploymentPostprocessing = 0;
		};
		AB7D12942171255300A1F256 /* Sources */ = {
			isa = PBXSourcesBuildPhase;
			buildActionMask = 2147483647;
			files = (
				AB7D129D2171255300A1F256 /* pruebaFinalUITests.swift in Sources */,
			);
			runOnlyForDeploymentPostprocessing = 0;
		};
/* End PBXSourcesBuildPhase section */

/* Begin PBXTargetDependency section */
		AB7D128F2171255300A1F256 /* PBXTargetDependency */ = {
			isa = PBXTargetDependency;
			target = AB7D12782171255000A1F256 /* pruebaFinal */;
			targetProxy = AB7D128E2171255300A1F256 /* PBXContainerItemProxy */;
		};
		AB7D129A2171255300A1F256 /* PBXTargetDependency */ = {
			isa = PBXTargetDependency;
			target = AB7D12782171255000A1F256 /* pruebaFinal */;
			targetProxy = AB7D12992171255300A1F256 /* PBXContainerItemProxy */;
		};
/* End PBXTargetDependency section */

/* Begin PBXVariantGroup section */
		AB7D12802171255000A1F256 /* Main.storyboard */ = {
			isa = PBXVariantGroup;
			children = (
				AB7D12812171255000A1F256 /* Base */,
			);
			name = Main.storyboard;
			sourceTree = "<group>";
		};
		AB7D12852171255200A1F256 /* LaunchScreen.storyboard */ = {
			isa = PBXVariantGroup;
			children = (
				AB7D12862171255200A1F256 /* Base */,
			);
			name = LaunchScreen.storyboard;
			sourceTree = "<group>";
		};
/* End PBXVariantGroup section */

/* Begin XCBuildConfiguration section */
		AB7D129F2171255300A1F256 /* Debug */ = {
			isa = XCBuildConfiguration;
			buildSettings = {
				ALWAYS_SEARCH_USER_PATHS = NO;
				CLANG_ANALYZER_NONNULL = YES;
				CLANG_ANALYZER_NUMBER_OBJECT_CONVERSION = YES_AGGRESSIVE;
				CLANG_CXX_LANGUAGE_STANDARD = "gnu++14";
				CLANG_CXX_LIBRARY = "libc++";
				CLANG_ENABLE_MODULES = YES;
				CLANG_ENABLE_OBJC_ARC = YES;
				CLANG_ENABLE_OBJC_WEAK = YES;
				CLANG_WARN_BLOCK_CAPTURE_AUTORELEASING = YES;
				CLANG_WARN_BOOL_CONVERSION = YES;
				CLANG_WARN_COMMA = YES;
				CLANG_WARN_CONSTANT_CONVERSION = YES;
				CLANG_WARN_DEPRECATED_OBJC_IMPLEMENTATIONS = YES;
				CLANG_WARN_DIRECT_OBJC_ISA_USAGE = YES_ERROR;
				CLANG_WARN_DOCUMENTATION_COMMENTS = YES;
				CLANG_WARN_EMPTY_BODY = YES;
				CLANG_WARN_ENUM_CONVERSION = YES;
				CLANG_WARN_INFINITE_RECURSION = YES;
				CLANG_WARN_INT_CONVERSION = YES;
				CLANG_WARN_NON_LITERAL_NULL_CONVERSION = YES;
				CLANG_WARN_OBJC_IMPLICIT_RETAIN_SELF = YES;
				CLANG_WARN_OBJC_LITERAL_CONVERSION = YES;
				CLANG_WARN_OBJC_ROOT_CLASS = YES_ERROR;
				CLANG_WARN_RANGE_LOOP_ANALYSIS = YES;
				CLANG_WARN_STRICT_PROTOTYPES = YES;
				CLANG_WARN_SUSPICIOUS_MOVE = YES;
				CLANG_WARN_UNGUARDED_AVAILABILITY = YES_AGGRESSIVE;
				CLANG_WARN_UNREACHABLE_CODE = YES;
				CLANG_WARN__DUPLICATE_METHOD_MATCH = YES;
				CODE_SIGN_IDENTITY = "iPhone Developer";
				COPY_PHASE_STRIP = NO;
				DEBUG_INFORMATION_FORMAT = dwarf;
				ENABLE_STRICT_OBJC_MSGSEND = YES;
				ENABLE_TESTABILITY = YES;
				GCC_C_LANGUAGE_STANDARD = gnu11;
				GCC_DYNAMIC_NO_PIC = NO;
				GCC_NO_COMMON_BLOCKS = YES;
				GCC_OPTIMIZATION_LEVEL = 0;
				GCC_PREPROCESSOR_DEFINITIONS = (
					"DEBUG=1",
					"$(inherited)",
				);
				GCC_WARN_64_TO_32_BIT_CONVERSION = YES;
				GCC_WARN_ABOUT_RETURN_TYPE = YES_ERROR;
				GCC_WARN_UNDECLARED_SELECTOR = YES;
				GCC_WARN_UNINITIALIZED_AUTOS = YES_AGGRESSIVE;
				GCC_WARN_UNUSED_FUNCTION = YES;
				GCC_WARN_UNUSED_VARIABLE = YES;
				IPHONEOS_DEPLOYMENT_TARGET = 11.4;
				MTL_ENABLE_DEBUG_INFO = YES;
				ONLY_ACTIVE_ARCH = YES;
				SDKROOT = iphoneos;
				SWIFT_ACTIVE_COMPILATION_CONDITIONS = DEBUG;
				SWIFT_OPTIMIZATION_LEVEL = "-Onone";
			};
			name = Debug;
		};
		AB7D12A02171255300A1F256 /* Release */ = {
			isa = XCBuildConfiguration;
			buildSettings = {
				ALWAYS_SEARCH_USER_PATHS = NO;
				CLANG_ANALYZER_NONNULL = YES;
				CLANG_ANALYZER_NUMBER_OBJECT_CONVERSION = YES_AGGRESSIVE;
				CLANG_CXX_LANGUAGE_STANDARD = "gnu++14";
				CLANG_CXX_LIBRARY = "libc++";
				CLANG_ENABLE_MODULES = YES;
				CLANG_ENABLE_OBJC_ARC = YES;
				CLANG_ENABLE_OBJC_WEAK = YES;
				CLANG_WARN_BLOCK_CAPTURE_AUTORELEASING = YES;
				CLANG_WARN_BOOL_CONVERSION = YES;
				CLANG_WARN_COMMA = YES;
				CLANG_WARN_CONSTANT_CONVERSION = YES;
				CLANG_WARN_DEPRECATED_OBJC_IMPLEMENTATIONS = YES;
				CLANG_WARN_DIRECT_OBJC_ISA_USAGE = YES_ERROR;
				CLANG_WARN_DOCUMENTATION_COMMENTS = YES;
				CLANG_WARN_EMPTY_BODY = YES;
				CLANG_WARN_ENUM_CONVERSION = YES;
				CLANG_WARN_INFINITE_RECURSION = YES;
				CLANG_WARN_INT_CONVERSION = YES;
				CLANG_WARN_NON_LITERAL_NULL_CONVERSION = YES;
				CLANG_WARN_OBJC_IMPLICIT_RETAIN_SELF = YES;
				CLANG_WARN_OBJC_LITERAL_CONVERSION = YES;
				CLANG_WARN_OBJC_ROOT_CLASS = YES_ERROR;
				CLANG_WARN_RANGE_LOOP_ANALYSIS = YES;
				CLANG_WARN_STRICT_PROTOTYPES = YES;
				CLANG_WARN_SUSPICIOUS_MOVE = YES;
				CLANG_WARN_UNGUARDED_AVAILABILITY = YES_AGGRESSIVE;
				CLANG_WARN_UNREACHABLE_CODE = YES;
				CLANG_WARN__DUPLICATE_METHOD_MATCH = YES;
				CODE_SIGN_IDENTITY = "iPhone Developer";
				COPY_PHASE_STRIP = NO;
				DEBUG_INFORMATION_FORMAT = "dwarf-with-dsym";
				ENABLE_NS_ASSERTIONS = NO;
				ENABLE_STRICT_OBJC_MSGSEND = YES;
				GCC_C_LANGUAGE_STANDARD = gnu11;
				GCC_NO_COMMON_BLOCKS = YES;
				GCC_WARN_64_TO_32_BIT_CONVERSION = YES;
				GCC_WARN_ABOUT_RETURN_TYPE = YES_ERROR;
				GCC_WARN_UNDECLARED_SELECTOR = YES;
				GCC_WARN_UNINITIALIZED_AUTOS = YES_AGGRESSIVE;
				GCC_WARN_UNUSED_FUNCTION = YES;
				GCC_WARN_UNUSED_VARIABLE = YES;
				IPHONEOS_DEPLOYMENT_TARGET = 11.4;
				MTL_ENABLE_DEBUG_INFO = NO;
				SDKROOT = iphoneos;
				SWIFT_COMPILATION_MODE = wholemodule;
				SWIFT_OPTIMIZATION_LEVEL = "-O";
				VALIDATE_PRODUCT = YES;
			};
			name = Release;
		};
		AB7D12A22171255300A1F256 /* Debug */ = {
			isa = XCBuildConfiguration;
			buildSettings = {
				ASSETCATALOG_COMPILER_APPICON_NAME = AppIcon;
				CODE_SIGN_STYLE = Automatic;
				INFOPLIST_FILE = pruebaFinal/Info.plist;
				LD_RUNPATH_SEARCH_PATHS = (
					"$(inherited)",
					"@executable_path/Frameworks",
				);
				PRODUCT_BUNDLE_IDENTIFIER = ss.pruebaFinal;
				PRODUCT_NAME = "$(TARGET_NAME)";
				SWIFT_VERSION = 4.0;
				TARGETED_DEVICE_FAMILY = "1,2";
			};
			name = Debug;
		};
		AB7D12A32171255300A1F256 /* Release */ = {
			isa = XCBuildConfiguration;
			buildSettings = {
				ASSETCATALOG_COMPILER_APPICON_NAME = AppIcon;
				CODE_SIGN_STYLE = Automatic;
				INFOPLIST_FILE = pruebaFinal/Info.plist;
				LD_RUNPATH_SEARCH_PATHS = (
					"$(inherited)",
					"@executable_path/Frameworks",
				);
				PRODUCT_BUNDLE_IDENTIFIER = ss.pruebaFinal;
				PRODUCT_NAME = "$(TARGET_NAME)";
				SWIFT_VERSION = 4.0;
				TARGETED_DEVICE_FAMILY = "1,2";
			};
			name = Release;
		};
		AB7D12A52171255300A1F256 /* Debug */ = {
			isa = XCBuildConfiguration;
			buildSettings = {
				ALWAYS_EMBED_SWIFT_STANDARD_LIBRARIES = YES;
				BUNDLE_LOADER = "$(TEST_HOST)";
				CODE_SIGN_STYLE = Automatic;
				INFOPLIST_FILE = pruebaFinalTests/Info.plist;
				LD_RUNPATH_SEARCH_PATHS = (
					"$(inherited)",
					"@executable_path/Frameworks",
					"@loader_path/Frameworks",
				);
				PRODUCT_BUNDLE_IDENTIFIER = ss.pruebaFinalTests;
				PRODUCT_NAME = "$(TARGET_NAME)";
				SWIFT_VERSION = 4.0;
				TARGETED_DEVICE_FAMILY = "1,2";
				TEST_HOST = "$(BUILT_PRODUCTS_DIR)/pruebaFinal.app/pruebaFinal";
			};
			name = Debug;
		};
		AB7D12A62171255300A1F256 /* Release */ = {
			isa = XCBuildConfiguration;
			buildSettings = {
				ALWAYS_EMBED_SWIFT_STANDARD_LIBRARIES = YES;
				BUNDLE_LOADER = "$(TEST_HOST)";
				CODE_SIGN_STYLE = Automatic;
				INFOPLIST_FILE = pruebaFinalTests/Info.plist;
				LD_RUNPATH_SEARCH_PATHS = (
					"$(inherited)",
					"@executable_path/Frameworks",
					"@loader_path/Frameworks",
				);
				PRODUCT_BUNDLE_IDENTIFIER = ss.pruebaFinalTests;
				PRODUCT_NAME = "$(TARGET_NAME)";
				SWIFT_VERSION = 4.0;
				TARGETED_DEVICE_FAMILY = "1,2";
				TEST_HOST = "$(BUILT_PRODUCTS_DIR)/pruebaFinal.app/pruebaFinal";
			};
			name = Release;
		};
		AB7D12A82171255300A1F256 /* Debug */ = {
			isa = XCBuildConfiguration;
			buildSettings = {
				ALWAYS_EMBED_SWIFT_STANDARD_LIBRARIES = YES;
				CODE_SIGN_STYLE = Automatic;
				INFOPLIST_FILE = pruebaFinalUITests/Info.plist;
				LD_RUNPATH_SEARCH_PATHS = (
					"$(inherited)",
					"@executable_path/Frameworks",
					"@loader_path/Frameworks",
				);
				PRODUCT_BUNDLE_IDENTIFIER = ss.pruebaFinalUITests;
				PRODUCT_NAME = "$(TARGET_NAME)";
				SWIFT_VERSION = 4.0;
				TARGETED_DEVICE_FAMILY = "1,2";
				TEST_TARGET_NAME = pruebaFinal;
			};
			name = Debug;
		};
		AB7D12A92171255300A1F256 /* Release */ = {
			isa = XCBuildConfiguration;
			buildSettings = {
				ALWAYS_EMBED_SWIFT_STANDARD_LIBRARIES = YES;
				CODE_SIGN_STYLE = Automatic;
				INFOPLIST_FILE = pruebaFinalUITests/Info.plist;
				LD_RUNPATH_SEARCH_PATHS = (
					"$(inherited)",
					"@executable_path/Frameworks",
					"@loader_path/Frameworks",
				);
				PRODUCT_BUNDLE_IDENTIFIER = ss.pruebaFinalUITests;
				PRODUCT_NAME = "$(TARGET_NAME)";
				SWIFT_VERSION = 4.0;
				TARGETED_DEVICE_FAMILY = "1,2";
				TEST_TARGET_NAME = pruebaFinal;
			};
			name = Release;
		};
/* End XCBuildConfiguration section */

/* Begin XCConfigurationList section */
		AB7D12742171255000A1F256 /* Build configuration list for PBXProject "pruebaFinal" */ = {
			isa = XCConfigurationList;
			buildConfigurations = (
				AB7D129F2171255300A1F256 /* Debug */,
				AB7D12A02171255300A1F256 /* Release */,
			);
			defaultConfigurationIsVisible = 0;
			defaultConfigurationName = Release;
		};
		AB7D12A12171255300A1F256 /* Build configuration list for PBXNativeTarget "pruebaFinal" */ = {
			isa = XCConfigurationList;
			buildConfigurations = (
				AB7D12A22171255300A1F256 /* Debug */,
				AB7D12A32171255300A1F256 /* Release */,
			);
			defaultConfigurationIsVisible = 0;
			defaultConfigurationName = Release;
		};
		AB7D12A42171255300A1F256 /* Build configuration list for PBXNativeTarget "pruebaFinalTests" */ = {
			isa = XCConfigurationList;
			buildConfigurations = (
				AB7D12A52171255300A1F256 /* Debug */,
				AB7D12A62171255300A1F256 /* Release */,
			);
			defaultConfigurationIsVisible = 0;
			defaultConfigurationName = Release;
		};
		AB7D12A72171255300A1F256 /* Build configuration list for PBXNativeTarget "pruebaFinalUITests" */ = {
			isa = XCConfigurationList;
			buildConfigurations = (
				AB7D12A82171255300A1F256 /* Debug */,
				AB7D12A92171255300A1F256 /* Release */,
			);
			defaultConfigurationIsVisible = 0;
			defaultConfigurationName = Release;
		};
/* End XCConfigurationList section */
	};
	rootObject = AB7D12712171255000A1F256 /* Project object */;
}
